
Microsoft Visual Studio Solution File, Format Version 12.00
# Visual Studio Version 16
VisualStudioVersion = 16.0.30611.23
MinimumVisualStudioVersion = 10.0.40219.1
Project("{FAE04EC0-301F-11D3-BF4B-00C04F79EFBC}") = "InheritanceOfConstructor", "InheritanceOfConstructor.csproj", "{A3F9CA4E-5521-4510-8EDF-5C7E3EE58BFF}"
EndProject
Global
	GlobalSection(SolutionConfigurationPlatforms) = preSolution
		Debug|Any CPU = Debug|Any CPU
		Release|Any CPU = Release|Any CPU
	EndGlobalSection
	GlobalSection(ProjectConfigurationPlatforms) = postSolution
		{A3F9CA4E-5521-4510-8EDF-5C7E3EE58BFF}.Debug|Any CPU.ActiveCfg = Debug|Any CPU
		{A3F9CA4E-5521-4510-8EDF-5C7E3EE58BFF}.Debug|Any CPU.Build.0 = Debug|Any CPU
		{A3F9CA4E-5521-4510-8EDF-5C7E3EE58BFF}.Release|Any CPU.ActiveCfg = Release|Any CPU
		{A3F9CA4E-5521-4510-8EDF-5C7E3EE58BFF}.Release|Any CPU.Build.0 = Release|Any CPU
	EndGlobalSection
	GlobalSection(SolutionProperties) = preSolution
		HideSolutionNode = FALSE
	EndGlobalSection
	GlobalSection(ExtensibilityGlobals) = postSolution
		SolutionGuid = {E101B91A-5BCE-4E02-96D7-9957A9D2F434}
	EndGlobalSection
EndGlobal
